# This file is autogenerated, do not edit; changes may be undone by the next 'dep ensure'.


[[projects]]
  name = "github.com/Sirupsen/logrus"
  packages = ["."]
  revision = "c155da19408a8799da419ed3eeb0cb5db0ad5dbc"
  version = "v1.0.5"

[[projects]]
  name = "github.com/jessevdk/go-flags"
  packages = ["."]
  revision = "c6ca198ec95c841fdb89fc0de7496fed11ab854e"
  version = "v1.4.0"

[[projects]]
  branch = "master"
  name = "github.com/raphink/narcissus"
  packages = ["."]
  revision = "24a07ee7f9d2728b6dfdb5df63dcb15c86ea4b83"

[[projects]]
  branch = "master"
  name = "golang.org/x/crypto"
  packages = ["ssh/terminal"]
  revision = "159ae71589f303f9fbfd7528413e0fe944b9c1cb"

[[projects]]
  branch = "master"
  name = "golang.org/x/sys"
  packages = [
    "unix",
    "windows"
  ]
  revision = "d4cedef3467ee719ea35470faeefbc6d0fa18e4b"

[[projects]]
  name = "gopkg.in/yaml.v2"
  packages = ["."]
  revision = "5420a8b6744d3b0345ab293f6fcba19c978f1183"
  version = "v2.2.1"

[[projects]]
  branch = "master"
  name = "honnef.co/go/augeas"
  packages = ["."]
  revision = "ca62e35ed6b86f1959cee0860aeb9ce94368aaf0"

[solve-meta]
  analyzer-name = "dep"
  analyzer-version = 1
  inputs-digest = "a248a2caf1234f1ae5e2a42c284305e9ed40e7971f2cca8447ad65feeecd1d89"
  solver-name = "gps-cdcl"
  solver-version = 1
